
Microsoft Visual Studio Solution File, Format Version 12.00
# Visual Studio Version 17
VisualStudioVersion = 17.0.32112.339
MinimumVisualStudioVersion = 10.0.40219.1
Project("{FAE04EC0-301F-11D3-BF4B-00C04F79EFBC}") = "E-agenda 2.0", "E-agenda 2.0\E-agenda 2.0.csproj", "{8A10DADA-C29D-49EB-90AB-53A68D3A86FF}"
EndProject
Global
	GlobalSection(SolutionConfigurationPlatforms) = preSolution
		Debug|Any CPU = Debug|Any CPU
		Release|Any CPU = Release|Any CPU
	EndGlobalSection
	GlobalSection(ProjectConfigurationPlatforms) = postSolution
		{8A10DADA-C29D-49EB-90AB-53A68D3A86FF}.Debug|Any CPU.ActiveCfg = Debug|Any CPU
		{8A10DADA-C29D-49EB-90AB-53A68D3A86FF}.Debug|Any CPU.Build.0 = Debug|Any CPU
		{8A10DADA-C29D-49EB-90AB-53A68D3A86FF}.Release|Any CPU.ActiveCfg = Release|Any CPU
		{8A10DADA-C29D-49EB-90AB-53A68D3A86FF}.Release|Any CPU.Build.0 = Release|Any CPU
	EndGlobalSection
	GlobalSection(SolutionProperties) = preSolution
		HideSolutionNode = FALSE
	EndGlobalSection
	GlobalSection(ExtensibilityGlobals) = postSolution
		SolutionGuid = {60963C42-3269-4BA4-809F-E646B0A9470B}
	EndGlobalSection
EndGlobal
